
Microsoft Visual Studio Solution File, Format Version 12.00
# Visual Studio Version 16
VisualStudioVersion = 16.0.28803.352
MinimumVisualStudioVersion = 10.0.40219.1
Project("{FAE04EC0-301F-11D3-BF4B-00C04F79EFBC}") = "n!orderCalc", "n!orderCalc\n!orderCalc.csproj", "{5ED1F1CB-C1FC-4EC1-9A29-DB45F60CAB3A}"
EndProject
Global
	GlobalSection(SolutionConfigurationPlatforms) = preSolution
		Debug|Any CPU = Debug|Any CPU
		Release|Any CPU = Release|Any CPU
	EndGlobalSection
	GlobalSection(ProjectConfigurationPlatforms) = postSolution
		{5ED1F1CB-C1FC-4EC1-9A29-DB45F60CAB3A}.Debug|Any CPU.ActiveCfg = Debug|Any CPU
		{5ED1F1CB-C1FC-4EC1-9A29-DB45F60CAB3A}.Debug|Any CPU.Build.0 = Debug|Any CPU
		{5ED1F1CB-C1FC-4EC1-9A29-DB45F60CAB3A}.Release|Any CPU.ActiveCfg = Release|Any CPU
		{5ED1F1CB-C1FC-4EC1-9A29-DB45F60CAB3A}.Release|Any CPU.Build.0 = Release|Any CPU
	EndGlobalSection
	GlobalSection(SolutionProperties) = preSolution
		HideSolutionNode = FALSE
	EndGlobalSection
	GlobalSection(ExtensibilityGlobals) = postSolution
		SolutionGuid = {D457F187-903D-4268-B0EC-446434D60304}
	EndGlobalSection
EndGlobal
